// !$*UTF8*$!
{
	archiveVersion = 1;
	classes = {
	};
	objectVersion = 55;
	objects = {

/* Begin PBXBuildFile section */
		3F8D6F87285A527B0006C6A3 /* ContacnsSwiftUIApp.swift in Sources */ = {isa = PBXBuildFile; fileRef = 3F8D6F86285A527B0006C6A3 /* ContacnsSwiftUIApp.swift */; };
		3F8D6F89285A527B0006C6A3 /* ContentView.swift in Sources */ = {isa = PBXBuildFile; fileRef = 3F8D6F88285A527B0006C6A3 /* ContentView.swift */; };
		3F8D6F8B285A527E0006C6A3 /* Assets.xcassets in Resources */ = {isa = PBXBuildFile; fileRef = 3F8D6F8A285A527E0006C6A3 /* Assets.xcassets */; };
		3F8D6F8E285A527E0006C6A3 /* Preview Assets.xcassets in Resources */ = {isa = PBXBuildFile; fileRef = 3F8D6F8D285A527E0006C6A3 /* Preview Assets.xcassets */; };
		3F8D6F95285A53DE0006C6A3 /* ContactsScreen.swift in Sources */ = {isa = PBXBuildFile; fileRef = 3F8D6F94285A53DE0006C6A3 /* ContactsScreen.swift */; };
		3F8D6F97285A54780006C6A3 /* NumbersScreen.swift in Sources */ = {isa = PBXBuildFile; fileRef = 3F8D6F96285A54780006C6A3 /* NumbersScreen.swift */; };
		3F8D6F99285A555C0006C6A3 /* Person.swift in Sources */ = {isa = PBXBuildFile; fileRef = 3F8D6F98285A555C0006C6A3 /* Person.swift */; };
		3F8D6F9B285A55B20006C6A3 /* DataManager.swift in Sources */ = {isa = PBXBuildFile; fileRef = 3F8D6F9A285A55B20006C6A3 /* DataManager.swift */; };
		3F8D6F9D285D14270006C6A3 /* PersonInformationScreen.swift in Sources */ = {isa = PBXBuildFile; fileRef = 3F8D6F9C285D14270006C6A3 /* PersonInformationScreen.swift */; };
/* End PBXBuildFile section */

/* Begin PBXFileReference section */
		3F8D6F83285A527B0006C6A3 /* ContactsSwiftUI.app */ = {isa = PBXFileReference; explicitFileType = wrapper.application; includeInIndex = 0; path = ContactsSwiftUI.app; sourceTree = BUILT_PRODUCTS_DIR; };
		3F8D6F86285A527B0006C6A3 /* ContacnsSwiftUIApp.swift */ = {isa = PBXFileReference; lastKnownFileType = sourcecode.swift; path = ContacnsSwiftUIApp.swift; sourceTree = "<group>"; };
		3F8D6F88285A527B0006C6A3 /* ContentView.swift */ = {isa = PBXFileReference; lastKnownFileType = sourcecode.swift; path = ContentView.swift; sourceTree = "<group>"; };
		3F8D6F8A285A527E0006C6A3 /* Assets.xcassets */ = {isa = PBXFileReference; lastKnownFileType = folder.assetcatalog; path = Assets.xcassets; sourceTree = "<group>"; };
		3F8D6F8D285A527E0006C6A3 /* Preview Assets.xcassets */ = {isa = PBXFileReference; lastKnownFileType = folder.assetcatalog; path = "Preview Assets.xcassets"; sourceTree = "<group>"; };
		3F8D6F94285A53DE0006C6A3 /* ContactsScreen.swift */ = {isa = PBXFileReference; lastKnownFileType = sourcecode.swift; path = ContactsScreen.swift; sourceTree = "<group>"; };
		3F8D6F96285A54780006C6A3 /* NumbersScreen.swift */ = {isa = PBXFileReference; lastKnownFileType = sourcecode.swift; path = NumbersScreen.swift; sourceTree = "<group>"; };
		3F8D6F98285A555C0006C6A3 /* Person.swift */ = {isa = PBXFileReference; lastKnownFileType = sourcecode.swift; path = Person.swift; sourceTree = "<group>"; };
		3F8D6F9A285A55B20006C6A3 /* DataManager.swift */ = {isa = PBXFileReference; lastKnownFileType = sourcecode.swift; path = DataManager.swift; sourceTree = "<group>"; };
		3F8D6F9C285D14270006C6A3 /* PersonInformationScreen.swift */ = {isa = PBXFileReference; lastKnownFileType = sourcecode.swift; path = PersonInformationScreen.swift; sourceTree = "<group>"; };
/* End PBXFileReference section */

/* Begin PBXFrameworksBuildPhase section */
		3F8D6F80285A527B0006C6A3 /* Frameworks */ = {
			isa = PBXFrameworksBuildPhase;
			buildActionMask = 2147483647;
			files = (
			);
			runOnlyForDeploymentPostprocessing = 0;
		};
/* End PBXFrameworksBuildPhase section */

/* Begin PBXGroup section */
		3F8D6F7A285A527B0006C6A3 = {
			isa = PBXGroup;
			children = (
				3F8D6F85285A527B0006C6A3 /* ContacnsSwiftUI */,
				3F8D6F84285A527B0006C6A3 /* Products */,
			);
			sourceTree = "<group>";
		};
		3F8D6F84285A527B0006C6A3 /* Products */ = {
			isa = PBXGroup;
			children = (
				3F8D6F83285A527B0006C6A3 /* ContactsSwiftUI.app */,
			);
			name = Products;
			sourceTree = "<group>";
		};
		3F8D6F85285A527B0006C6A3 /* ContacnsSwiftUI */ = {
			isa = PBXGroup;
			children = (
				3F8D6F86285A527B0006C6A3 /* ContacnsSwiftUIApp.swift */,
				3F8D6F88285A527B0006C6A3 /* ContentView.swift */,
				3F8D6F94285A53DE0006C6A3 /* ContactsScreen.swift */,
				3F8D6F9C285D14270006C6A3 /* PersonInformationScreen.swift */,
				3F8D6F96285A54780006C6A3 /* NumbersScreen.swift */,
				3F8D6F98285A555C0006C6A3 /* Person.swift */,
				3F8D6F9A285A55B20006C6A3 /* DataManager.swift */,
				3F8D6F8A285A527E0006C6A3 /* Assets.xcassets */,
				3F8D6F8C285A527E0006C6A3 /* Preview Content */,
			);
			path = ContacnsSwiftUI;
			sourceTree = "<group>";
		};
		3F8D6F8C285A527E0006C6A3 /* Preview Content */ = {
			isa = PBXGroup;
			children = (
				3F8D6F8D285A527E0006C6A3 /* Preview Assets.xcassets */,
			);
			path = "Preview Content";
			sourceTree = "<group>";
		};
/* End PBXGroup section */

/* Begin PBXNativeTarget section */
		3F8D6F82285A527B0006C6A3 /* ContacnsSwiftUI */ = {
			isa = PBXNativeTarget;
			buildConfigurationList = 3F8D6F91285A527E0006C6A3 /* Build configuration list for PBXNativeTarget "ContacnsSwiftUI" */;
			buildPhases = (
				3F8D6F7F285A527B0006C6A3 /* Sources */,
				3F8D6F80285A527B0006C6A3 /* Frameworks */,
				3F8D6F81285A527B0006C6A3 /* Resources */,
			);
			buildRules = (
			);
			dependencies = (
			);
			name = ContacnsSwiftUI;
			productName = ContacnsSwiftUI;
			productReference = 3F8D6F83285A527B0006C6A3 /* ContactsSwiftUI.app */;
			productType = "com.apple.product-type.application";
		};
/* End PBXNativeTarget section */

/* Begin PBXProject section */
		3F8D6F7B285A527B0006C6A3 /* Project object */ = {
			isa = PBXProject;
			attributes = {
				BuildIndependentTargetsInParallel = 1;
				LastSwiftUpdateCheck = 1340;
				LastUpgradeCheck = 1340;
				TargetAttributes = {
					3F8D6F82285A527B0006C6A3 = {
						CreatedOnToolsVersion = 13.4.1;
					};
				};
			};
			buildConfigurationList = 3F8D6F7E285A527B0006C6A3 /* Build configuration list for PBXProject "ContactsSwiftUI" */;
			compatibilityVersion = "Xcode 13.0";
			developmentRegion = en;
			hasScannedForEncodings = 0;
			knownRegions = (
				en,
				Base,
			);
			mainGroup = 3F8D6F7A285A527B0006C6A3;
			productRefGroup = 3F8D6F84285A527B0006C6A3 /* Products */;
			projectDirPath = "";
			projectRoot = "";
			targets = (
				3F8D6F82285A527B0006C6A3 /* ContacnsSwiftUI */,
			);
		};
/* End PBXProject section */

/* Begin PBXResourcesBuildPhase section */
		3F8D6F81285A527B0006C6A3 /* Resources */ = {
			isa = PBXResourcesBuildPhase;
			buildActionMask = 2147483647;
			files = (
				3F8D6F8E285A527E0006C6A3 /* Preview Assets.xcassets in Resources */,
				3F8D6F8B285A527E0006C6A3 /* Assets.xcassets in Resources */,
			);
			runOnlyForDeploymentPostprocessing = 0;
		};
/* End PBXResourcesBuildPhase section */

/* Begin PBXSourcesBuildPhase section */
		3F8D6F7F285A527B0006C6A3 /* Sources */ = {
			isa = PBXSourcesBuildPhase;
			buildActionMask = 2147483647;
			files = (
				3F8D6F95285A53DE0006C6A3 /* ContactsScreen.swift in Sources */,
				3F8D6F9B285A55B20006C6A3 /* DataManager.swift in Sources */,
				3F8D6F89285A527B0006C6A3 /* ContentView.swift in Sources */,
				3F8D6F99285A555C0006C6A3 /* Person.swift in Sources */,
				3F8D6F97285A54780006C6A3 /* NumbersScreen.swift in Sources */,
				3F8D6F9D285D14270006C6A3 /* PersonInformationScreen.swift in Sources */,
				3F8D6F87285A527B0006C6A3 /* ContacnsSwiftUIApp.swift in Sources */,
			);
			runOnlyForDeploymentPostprocessing = 0;
		};
/* End PBXSourcesBuildPhase section */

/* Begin XCBuildConfiguration section */
		3F8D6F8F285A527E0006C6A3 /* Debug */ = {
			isa = XCBuildConfiguration;
			buildSettings = {
				ALWAYS_SEARCH_USER_PATHS = NO;
				CLANG_ANALYZER_NONNULL = YES;
				CLANG_ANALYZER_NUMBER_OBJECT_CONVERSION = YES_AGGRESSIVE;
				CLANG_CXX_LANGUAGE_STANDARD = "gnu++17";
				CLANG_ENABLE_MODULES = YES;
				CLANG_ENABLE_OBJC_ARC = YES;
				CLANG_ENABLE_OBJC_WEAK = YES;
				CLANG_WARN_BLOCK_CAPTURE_AUTORELEASING = YES;
				CLANG_WARN_BOOL_CONVERSION = YES;
				CLANG_WARN_COMMA = YES;
				CLANG_WARN_CONSTANT_CONVERSION = YES;
				CLANG_WARN_DEPRECATED_OBJC_IMPLEMENTATIONS = YES;
				CLANG_WARN_DIRECT_OBJC_ISA_USAGE = YES_ERROR;
				CLANG_WARN_DOCUMENTATION_COMMENTS = YES;
				CLANG_WARN_EMPTY_BODY = YES;
				CLANG_WARN_ENUM_CONVERSION = YES;
				CLANG_WARN_INFINITE_RECURSION = YES;
				CLANG_WARN_INT_CONVERSION = YES;
				CLANG_WARN_NON_LITERAL_NULL_CONVERSION = YES;
				CLANG_WARN_OBJC_IMPLICIT_RETAIN_SELF = YES;
				CLANG_WARN_OBJC_LITERAL_CONVERSION = YES;
				CLANG_WARN_OBJC_ROOT_CLASS = YES_ERROR;
				CLANG_WARN_QUOTED_INCLUDE_IN_FRAMEWORK_HEADER = YES;
				CLANG_WARN_RANGE_LOOP_ANALYSIS = YES;
				CLANG_WARN_STRICT_PROTOTYPES = YES;
				CLANG_WARN_SUSPICIOUS_MOVE = YES;
				CLANG_WARN_UNGUARDED_AVAILABILITY = YES_AGGRESSIVE;
				CLANG_WARN_UNREACHABLE_CODE = YES;
				CLANG_WARN__DUPLICATE_METHOD_MATCH = YES;
				COPY_PHASE_STRIP = NO;
				DEBUG_INFORMATION_FORMAT = dwarf;
				ENABLE_STRICT_OBJC_MSGSEND = YES;
				ENABLE_TESTABILITY = YES;
				GCC_C_LANGUAGE_STANDARD = gnu11;
				GCC_DYNAMIC_NO_PIC = NO;
				GCC_NO_COMMON_BLOCKS = YES;
				GCC_OPTIMIZATION_LEVEL = 0;
				GCC_PREPROCESSOR_DEFINITIONS = (
					"DEBUG=1",
					"$(inherited)",
				);
				GCC_WARN_64_TO_32_BIT_CONVERSION = YES;
				GCC_WARN_ABOUT_RETURN_TYPE = YES_ERROR;
				GCC_WARN_UNDECLARED_SELECTOR = YES;
				GCC_WARN_UNINITIALIZED_AUTOS = YES_AGGRESSIVE;
				GCC_WARN_UNUSED_FUNCTION = YES;
				GCC_WARN_UNUSED_VARIABLE = YES;
				IPHONEOS_DEPLOYMENT_TARGET = 15.5;
				MTL_ENABLE_DEBUG_INFO = INCLUDE_SOURCE;
				MTL_FAST_MATH = YES;
				ONLY_ACTIVE_ARCH = YES;
				SDKROOT = iphoneos;
				SWIFT_ACTIVE_COMPILATION_CONDITIONS = DEBUG;
				SWIFT_OPTIMIZATION_LEVEL = "-Onone";
			};
			name = Debug;
		};
		3F8D6F90285A527E0006C6A3 /* Release */ = {
			isa = XCBuildConfiguration;
			buildSettings = {
				ALWAYS_SEARCH_USER_PATHS = NO;
				CLANG_ANALYZER_NONNULL = YES;
				CLANG_ANALYZER_NUMBER_OBJECT_CONVERSION = YES_AGGRESSIVE;
				CLANG_CXX_LANGUAGE_STANDARD = "gnu++17";
				CLANG_ENABLE_MODULES = YES;
				CLANG_ENABLE_OBJC_ARC = YES;
				CLANG_ENABLE_OBJC_WEAK = YES;
				CLANG_WARN_BLOCK_CAPTURE_AUTORELEASING = YES;
				CLANG_WARN_BOOL_CONVERSION = YES;
				CLANG_WARN_COMMA = YES;
				CLANG_WARN_CONSTANT_CONVERSION = YES;
				CLANG_WARN_DEPRECATED_OBJC_IMPLEMENTATIONS = YES;
				CLANG_WARN_DIRECT_OBJC_ISA_USAGE = YES_ERROR;
				CLANG_WARN_DOCUMENTATION_COMMENTS = YES;
				CLANG_WARN_EMPTY_BODY = YES;
				CLANG_WARN_ENUM_CONVERSION = YES;
				CLANG_WARN_INFINITE_RECURSION = YES;
				CLANG_WARN_INT_CONVERSION = YES;
				CLANG_WARN_NON_LITERAL_NULL_CONVERSION = YES;
				CLANG_WARN_OBJC_IMPLICIT_RETAIN_SELF = YES;
				CLANG_WARN_OBJC_LITERAL_CONVERSION = YES;
				CLANG_WARN_OBJC_ROOT_CLASS = YES_ERROR;
				CLANG_WARN_QUOTED_INCLUDE_IN_FRAMEWORK_HEADER = YES;
				CLANG_WARN_RANGE_LOOP_ANALYSIS = YES;
				CLANG_WARN_STRICT_PROTOTYPES = YES;
				CLANG_WARN_SUSPICIOUS_MOVE = YES;
				CLANG_WARN_UNGUARDED_AVAILABILITY = YES_AGGRESSIVE;
				CLANG_WARN_UNREACHABLE_CODE = YES;
				CLANG_WARN__DUPLICATE_METHOD_MATCH = YES;
				COPY_PHASE_STRIP = NO;
				DEBUG_INFORMATION_FORMAT = "dwarf-with-dsym";
				ENABLE_NS_ASSERTIONS = NO;
				ENABLE_STRICT_OBJC_MSGSEND = YES;
				GCC_C_LANGUAGE_STANDARD = gnu11;
				GCC_NO_COMMON_BLOCKS = YES;
				GCC_WARN_64_TO_32_BIT_CONVERSION = YES;
				GCC_WARN_ABOUT_RETURN_TYPE = YES_ERROR;
				GCC_WARN_UNDECLARED_SELECTOR = YES;
				GCC_WARN_UNINITIALIZED_AUTOS = YES_AGGRESSIVE;
				GCC_WARN_UNUSED_FUNCTION = YES;
				GCC_WARN_UNUSED_VARIABLE = YES;
				IPHONEOS_DEPLOYMENT_TARGET = 15.5;
				MTL_ENABLE_DEBUG_INFO = NO;
				MTL_FAST_MATH = YES;
				SDKROOT = iphoneos;
				SWIFT_COMPILATION_MODE = wholemodule;
				SWIFT_OPTIMIZATION_LEVEL = "-O";
				VALIDATE_PRODUCT = YES;
			};
			name = Release;
		};
		3F8D6F92285A527E0006C6A3 /* Debug */ = {
			isa = XCBuildConfiguration;
			buildSettings = {
				ASSETCATALOG_COMPILER_APPICON_NAME = AppIcon;
				ASSETCATALOG_COMPILER_GLOBAL_ACCENT_COLOR_NAME = AccentColor;
				CODE_SIGN_STYLE = Automatic;
				CURRENT_PROJECT_VERSION = 1;
				DEVELOPMENT_ASSET_PATHS = "\"ContacnsSwiftUI/Preview Content\"";
				DEVELOPMENT_TEAM = GHQ3446M48;
				ENABLE_PREVIEWS = YES;
				GENERATE_INFOPLIST_FILE = YES;
				INFOPLIST_KEY_UIApplicationSceneManifest_Generation = YES;
				INFOPLIST_KEY_UIApplicationSupportsIndirectInputEvents = YES;
				INFOPLIST_KEY_UILaunchScreen_Generation = YES;
				INFOPLIST_KEY_UISupportedInterfaceOrientations_iPad = "UIInterfaceOrientationPortrait UIInterfaceOrientationPortraitUpsideDown UIInterfaceOrientationLandscapeLeft UIInterfaceOrientationLandscapeRight";
				INFOPLIST_KEY_UISupportedInterfaceOrientations_iPhone = "UIInterfaceOrientationPortrait UIInterfaceOrientationLandscapeLeft UIInterfaceOrientationLandscapeRight";
				LD_RUNPATH_SEARCH_PATHS = (
					"$(inherited)",
					"@executable_path/Frameworks",
				);
				MARKETING_VERSION = 1.0;
				PRODUCT_BUNDLE_IDENTIFIER = Podshibyakin.ContacnsSwiftUI;
				PRODUCT_NAME = ContactsSwiftUI;
				SWIFT_EMIT_LOC_STRINGS = YES;
				SWIFT_VERSION = 5.0;
				TARGETED_DEVICE_FAMILY = "1,2";
			};
			name = Debug;
		};
		3F8D6F93285A527E0006C6A3 /* Release */ = {
			isa = XCBuildConfiguration;
			buildSettings = {
				ASSETCATALOG_COMPILER_APPICON_NAME = AppIcon;
				ASSETCATALOG_COMPILER_GLOBAL_ACCENT_COLOR_NAME = AccentColor;
				CODE_SIGN_STYLE = Automatic;
				CURRENT_PROJECT_VERSION = 1;
				DEVELOPMENT_ASSET_PATHS = "\"ContacnsSwiftUI/Preview Content\"";
				DEVELOPMENT_TEAM = GHQ3446M48;
				ENABLE_PREVIEWS = YES;
				GENERATE_INFOPLIST_FILE = YES;
				INFOPLIST_KEY_UIApplicationSceneManifest_Generation = YES;
				INFOPLIST_KEY_UIApplicationSupportsIndirectInputEvents = YES;
				INFOPLIST_KEY_UILaunchScreen_Generation = YES;
				INFOPLIST_KEY_UISupportedInterfaceOrientations_iPad = "UIInterfaceOrientationPortrait UIInterfaceOrientationPortraitUpsideDown UIInterfaceOrientationLandscapeLeft UIInterfaceOrientationLandscapeRight";
				INFOPLIST_KEY_UISupportedInterfaceOrientations_iPhone = "UIInterfaceOrientationPortrait UIInterfaceOrientationLandscapeLeft UIInterfaceOrientationLandscapeRight";
				LD_RUNPATH_SEARCH_PATHS = (
					"$(inherited)",
					"@executable_path/Frameworks",
				);
				MARKETING_VERSION = 1.0;
				PRODUCT_BUNDLE_IDENTIFIER = Podshibyakin.ContacnsSwiftUI;
				PRODUCT_NAME = ContactsSwiftUI;
				SWIFT_EMIT_LOC_STRINGS = YES;
				SWIFT_VERSION = 5.0;
				TARGETED_DEVICE_FAMILY = "1,2";
			};
			name = Release;
		};
/* End XCBuildConfiguration section */

/* Begin XCConfigurationList section */
		3F8D6F7E285A527B0006C6A3 /* Build configuration list for PBXProject "ContactsSwiftUI" */ = {
			isa = XCConfigurationList;
			buildConfigurations = (
				3F8D6F8F285A527E0006C6A3 /* Debug */,
				3F8D6F90285A527E0006C6A3 /* Release */,
			);
			defaultConfigurationIsVisible = 0;
			defaultConfigurationName = Release;
		};
		3F8D6F91285A527E0006C6A3 /* Build configuration list for PBXNativeTarget "ContacnsSwiftUI" */ = {
			isa = XCConfigurationList;
			buildConfigurations = (
				3F8D6F92285A527E0006C6A3 /* Debug */,
				3F8D6F93285A527E0006C6A3 /* Release */,
			);
			defaultConfigurationIsVisible = 0;
			defaultConfigurationName = Release;
		};
/* End XCConfigurationList section */
	};
	rootObject = 3F8D6F7B285A527B0006C6A3 /* Project object */;
}
